
Microsoft Visual Studio Solution File, Format Version 12.00
# Visual Studio Version 16
VisualStudioVersion = 16.0.29613.14
MinimumVisualStudioVersion = 10.0.40219.1
Project("{8BC9CEB8-8B4A-11D0-8D11-00A0C91BC942}") = "matrix", "matrix\matrix.vcxproj", "{2EF629B0-9C0E-41D0-A87A-E2A84779BCC9}"
EndProject
Global
	GlobalSection(SolutionConfigurationPlatforms) = preSolution
		Debug|x64 = Debug|x64
		Debug|x86 = Debug|x86
		Release|x64 = Release|x64
		Release|x86 = Release|x86
	EndGlobalSection
	GlobalSection(ProjectConfigurationPlatforms) = postSolution
		{2EF629B0-9C0E-41D0-A87A-E2A84779BCC9}.Debug|x64.ActiveCfg = Debug|x64
		{2EF629B0-9C0E-41D0-A87A-E2A84779BCC9}.Debug|x64.Build.0 = Debug|x64
		{2EF629B0-9C0E-41D0-A87A-E2A84779BCC9}.Debug|x86.ActiveCfg = Debug|Win32
		{2EF629B0-9C0E-41D0-A87A-E2A84779BCC9}.Debug|x86.Build.0 = Debug|Win32
		{2EF629B0-9C0E-41D0-A87A-E2A84779BCC9}.Release|x64.ActiveCfg = Release|x64
		{2EF629B0-9C0E-41D0-A87A-E2A84779BCC9}.Release|x64.Build.0 = Release|x64
		{2EF629B0-9C0E-41D0-A87A-E2A84779BCC9}.Release|x86.ActiveCfg = Release|Win32
		{2EF629B0-9C0E-41D0-A87A-E2A84779BCC9}.Release|x86.Build.0 = Release|Win32
	EndGlobalSection
	GlobalSection(SolutionProperties) = preSolution
		HideSolutionNode = FALSE
	EndGlobalSection
	GlobalSection(ExtensibilityGlobals) = postSolution
		SolutionGuid = {02E0EAD8-47E4-4F2A-BC60-82ACEF9C3197}
	EndGlobalSection
EndGlobal
